# @generated by Move, please check-in and do not edit manually.

[move]
version = 0
manifest_digest = "9C3B6FA1F2DE15CDA385F4E43FA9B78066B218095B304DBA88270995BA935736"
deps_digest = "8227D341C0550A37580C10FA45FE148A465225149C69D179737E0FE454AD6AEC"

dependencies = [
  { name = "Launchpad" },
  { name = "LiquidityLayerV1" },
  { name = "NftProtocol" },
  { name = "Permissions" },
  { name = "Pseudorandom" },
  { name = "Request" },
  { name = "Sui" },
  { name = "Utils" },
  { name = "knw_genesis" },
]

[[move.package]]
name = "Allowlist"
source = { git = "https://github.com/Origin-Byte/nft-protocol.git", rev = "v1.5.0-mainnet", subdir = "contracts/allowlist" }

dependencies = [
  { name = "Permissions" },
  { name = "Sui" },
]

[[move.package]]
name = "Authlist"
source = { git = "https://github.com/Origin-Byte/nft-protocol.git", rev = "v1.5.0-mainnet", subdir = "contracts/authlist" }

dependencies = [
  { name = "Permissions" },
  { name = "Sui" },
]

[[move.package]]
name = "Kiosk"
source = { git = "https://github.com/Origin-Byte/nft-protocol.git", rev = "v1.5.0-mainnet", subdir = "contracts/kiosk" }

dependencies = [
  { name = "Permissions" },
  { name = "Request" },
  { name = "Sui" },
]

[[move.package]]
name = "Launchpad"
source = { git = "https://github.com/Origin-Byte/nft-protocol.git", rev = "v1.5.0-mainnet", subdir = "contracts/launchpad" }

dependencies = [
  { name = "Kiosk" },
  { name = "Originmate" },
  { name = "Pseudorandom" },
  { name = "Sui" },
  { name = "Utils" },
]

[[move.package]]
name = "LiquidityLayerV1"
source = { git = "https://github.com/Origin-Byte/nft-protocol.git", rev = "v1.5.0-mainnet", subdir = "contracts/liquidity_layer_v1" }

dependencies = [
  { name = "Allowlist" },
  { name = "Authlist" },
  { name = "Kiosk" },
  { name = "Originmate" },
  { name = "Permissions" },
  { name = "Request" },
  { name = "Sui" },
  { name = "Utils" },
]

[[move.package]]
name = "MoveStdlib"
source = { git = "https://github.com/MystenLabs/sui.git", rev = "framework/mainnet", subdir = "crates/sui-framework/packages/move-stdlib" }

[[move.package]]
name = "NftProtocol"
source = { git = "https://github.com/Origin-Byte/nft-protocol.git", rev = "v1.5.0-mainnet", subdir = "contracts/nft_protocol" }

dependencies = [
  { name = "Allowlist" },
  { name = "Authlist" },
  { name = "Kiosk" },
  { name = "Originmate" },
  { name = "Permissions" },
  { name = "Pseudorandom" },
  { name = "Request" },
  { name = "Sui" },
  { name = "Utils" },
]

[[move.package]]
name = "Originmate"
source = { git = "https://github.com/Origin-Byte/originmate.git", rev = "80d5eb4e5bec3ae219adf69393d308038d745fe5", subdir = "" }

dependencies = [
  { name = "Sui" },
]

[[move.package]]
name = "Permissions"
source = { git = "https://github.com/Origin-Byte/nft-protocol.git", rev = "v1.5.0-mainnet", subdir = "contracts/permissions" }

dependencies = [
  { name = "Sui" },
  { name = "Utils" },
]

[[move.package]]
name = "Pseudorandom"
source = { git = "https://github.com/Origin-Byte/nft-protocol.git", rev = "v1.5.0-mainnet", subdir = "contracts/pseudorandom" }

dependencies = [
  { name = "Sui" },
]

[[move.package]]
name = "Request"
source = { git = "https://github.com/Origin-Byte/nft-protocol.git", rev = "v1.5.0-mainnet", subdir = "contracts/request" }

dependencies = [
  { name = "Permissions" },
  { name = "Sui" },
]

[[move.package]]
name = "Sui"
source = { git = "https://github.com/MystenLabs/sui.git", rev = "framework/mainnet", subdir = "crates/sui-framework/packages/sui-framework" }

dependencies = [
  { name = "MoveStdlib" },
]

[[move.package]]
name = "Utils"
source = { git = "https://github.com/Origin-Byte/nft-protocol.git", rev = "v1.5.0-mainnet", subdir = "contracts/utils" }

dependencies = [
  { name = "Pseudorandom" },
  { name = "Sui" },
]

[[move.package]]
name = "knw_genesis"
source = { local = "../genesis" }

dependencies = [
  { name = "Launchpad" },
  { name = "LiquidityLayerV1" },
  { name = "NftProtocol" },
  { name = "Permissions" },
  { name = "Request" },
  { name = "Utils" },
]
